// !$*UTF8*$!
{
	archiveVersion = 1;
	classes = {
	};
	objectVersion = 46;
	objects = {

/* Begin PBXBuildFile section */
		D578143E1E5AB19700E187EF /* AppDelegate.swift in Sources */ = {isa = PBXBuildFile; fileRef = D578143D1E5AB19700E187EF /* AppDelegate.swift */; };
		D57814401E5AB19700E187EF /* ViewController.swift in Sources */ = {isa = PBXBuildFile; fileRef = D578143F1E5AB19700E187EF /* ViewController.swift */; };
		D57814431E5AB19700E187EF /* Main.storyboard in Resources */ = {isa = PBXBuildFile; fileRef = D57814411E5AB19700E187EF /* Main.storyboard */; };
		D57814451E5AB19700E187EF /* Assets.xcassets in Resources */ = {isa = PBXBuildFile; fileRef = D57814441E5AB19700E187EF /* Assets.xcassets */; };
		D57814481E5AB19700E187EF /* LaunchScreen.storyboard in Resources */ = {isa = PBXBuildFile; fileRef = D57814461E5AB19700E187EF /* LaunchScreen.storyboard */; };
		D57814531E5AB19700E187EF /* miraclePillTests.swift in Sources */ = {isa = PBXBuildFile; fileRef = D57814521E5AB19700E187EF /* miraclePillTests.swift */; };
		D578145E1E5AB19700E187EF /* miraclePillUITests.swift in Sources */ = {isa = PBXBuildFile; fileRef = D578145D1E5AB19700E187EF /* miraclePillUITests.swift */; };
/* End PBXBuildFile section */

/* Begin PBXContainerItemProxy section */
		D578144F1E5AB19700E187EF /* PBXContainerItemProxy */ = {
			isa = PBXContainerItemProxy;
			containerPortal = D57814321E5AB19700E187EF /* Project object */;
			proxyType = 1;
			remoteGlobalIDString = D57814391E5AB19700E187EF;
			remoteInfo = miraclePill;
		};
		D578145A1E5AB19700E187EF /* PBXContainerItemProxy */ = {
			isa = PBXContainerItemProxy;
			containerPortal = D57814321E5AB19700E187EF /* Project object */;
			proxyType = 1;
			remoteGlobalIDString = D57814391E5AB19700E187EF;
			remoteInfo = miraclePill;
		};
/* End PBXContainerItemProxy section */

/* Begin PBXFileReference section */
		D578143A1E5AB19700E187EF /* miraclePill.app */ = {isa = PBXFileReference; explicitFileType = wrapper.application; includeInIndex = 0; path = miraclePill.app; sourceTree = BUILT_PRODUCTS_DIR; };
		D578143D1E5AB19700E187EF /* AppDelegate.swift */ = {isa = PBXFileReference; lastKnownFileType = sourcecode.swift; path = AppDelegate.swift; sourceTree = "<group>"; };
		D578143F1E5AB19700E187EF /* ViewController.swift */ = {isa = PBXFileReference; lastKnownFileType = sourcecode.swift; path = ViewController.swift; sourceTree = "<group>"; };
		D57814421E5AB19700E187EF /* Base */ = {isa = PBXFileReference; lastKnownFileType = file.storyboard; name = Base; path = Base.lproj/Main.storyboard; sourceTree = "<group>"; };
		D57814441E5AB19700E187EF /* Assets.xcassets */ = {isa = PBXFileReference; lastKnownFileType = folder.assetcatalog; path = Assets.xcassets; sourceTree = "<group>"; };
		D57814471E5AB19700E187EF /* Base */ = {isa = PBXFileReference; lastKnownFileType = file.storyboard; name = Base; path = Base.lproj/LaunchScreen.storyboard; sourceTree = "<group>"; };
		D57814491E5AB19700E187EF /* Info.plist */ = {isa = PBXFileReference; lastKnownFileType = text.plist.xml; path = Info.plist; sourceTree = "<group>"; };
		D578144E1E5AB19700E187EF /* miraclePillTests.xctest */ = {isa = PBXFileReference; explicitFileType = wrapper.cfbundle; includeInIndex = 0; path = miraclePillTests.xctest; sourceTree = BUILT_PRODUCTS_DIR; };
		D57814521E5AB19700E187EF /* miraclePillTests.swift */ = {isa = PBXFileReference; lastKnownFileType = sourcecode.swift; path = miraclePillTests.swift; sourceTree = "<group>"; };
		D57814541E5AB19700E187EF /* Info.plist */ = {isa = PBXFileReference; lastKnownFileType = text.plist.xml; path = Info.plist; sourceTree = "<group>"; };
		D57814591E5AB19700E187EF /* miraclePillUITests.xctest */ = {isa = PBXFileReference; explicitFileType = wrapper.cfbundle; includeInIndex = 0; path = miraclePillUITests.xctest; sourceTree = BUILT_PRODUCTS_DIR; };
		D578145D1E5AB19700E187EF /* miraclePillUITests.swift */ = {isa = PBXFileReference; lastKnownFileType = sourcecode.swift; path = miraclePillUITests.swift; sourceTree = "<group>"; };
		D578145F1E5AB19700E187EF /* Info.plist */ = {isa = PBXFileReference; lastKnownFileType = text.plist.xml; path = Info.plist; sourceTree = "<group>"; };
/* End PBXFileReference section */

/* Begin PBXFrameworksBuildPhase section */
		D57814371E5AB19700E187EF /* Frameworks */ = {
			isa = PBXFrameworksBuildPhase;
			buildActionMask = 2147483647;
			files = (
			);
			runOnlyForDeploymentPostprocessing = 0;
		};
		D578144B1E5AB19700E187EF /* Frameworks */ = {
			isa = PBXFrameworksBuildPhase;
			buildActionMask = 2147483647;
			files = (
			);
			runOnlyForDeploymentPostprocessing = 0;
		};
		D57814561E5AB19700E187EF /* Frameworks */ = {
			isa = PBXFrameworksBuildPhase;
			buildActionMask = 2147483647;
			files = (
			);
			runOnlyForDeploymentPostprocessing = 0;
		};
/* End PBXFrameworksBuildPhase section */

/* Begin PBXGroup section */
		D57814311E5AB19700E187EF = {
			isa = PBXGroup;
			children = (
				D578143C1E5AB19700E187EF /* miraclePill */,
				D57814511E5AB19700E187EF /* miraclePillTests */,
				D578145C1E5AB19700E187EF /* miraclePillUITests */,
				D578143B1E5AB19700E187EF /* Products */,
			);
			sourceTree = "<group>";
		};
		D578143B1E5AB19700E187EF /* Products */ = {
			isa = PBXGroup;
			children = (
				D578143A1E5AB19700E187EF /* miraclePill.app */,
				D578144E1E5AB19700E187EF /* miraclePillTests.xctest */,
				D57814591E5AB19700E187EF /* miraclePillUITests.xctest */,
			);
			name = Products;
			sourceTree = "<group>";
		};
		D578143C1E5AB19700E187EF /* miraclePill */ = {
			isa = PBXGroup;
			children = (
				D578143D1E5AB19700E187EF /* AppDelegate.swift */,
				D578143F1E5AB19700E187EF /* ViewController.swift */,
				D57814411E5AB19700E187EF /* Main.storyboard */,
				D57814441E5AB19700E187EF /* Assets.xcassets */,
				D57814461E5AB19700E187EF /* LaunchScreen.storyboard */,
				D57814491E5AB19700E187EF /* Info.plist */,
			);
			path = miraclePill;
			sourceTree = "<group>";
		};
		D57814511E5AB19700E187EF /* miraclePillTests */ = {
			isa = PBXGroup;
			children = (
				D57814521E5AB19700E187EF /* miraclePillTests.swift */,
				D57814541E5AB19700E187EF /* Info.plist */,
			);
			path = miraclePillTests;
			sourceTree = "<group>";
		};
		D578145C1E5AB19700E187EF /* miraclePillUITests */ = {
			isa = PBXGroup;
			children = (
				D578145D1E5AB19700E187EF /* miraclePillUITests.swift */,
				D578145F1E5AB19700E187EF /* Info.plist */,
			);
			path = miraclePillUITests;
			sourceTree = "<group>";
		};
/* End PBXGroup section */

/* Begin PBXNativeTarget section */
		D57814391E5AB19700E187EF /* miraclePill */ = {
			isa = PBXNativeTarget;
			buildConfigurationList = D57814621E5AB19700E187EF /* Build configuration list for PBXNativeTarget "miraclePill" */;
			buildPhases = (
				D57814361E5AB19700E187EF /* Sources */,
				D57814371E5AB19700E187EF /* Frameworks */,
				D57814381E5AB19700E187EF /* Resources */,
			);
			buildRules = (
			);
			dependencies = (
			);
			name = miraclePill;
			productName = miraclePill;
			productReference = D578143A1E5AB19700E187EF /* miraclePill.app */;
			productType = "com.apple.product-type.application";
		};
		D578144D1E5AB19700E187EF /* miraclePillTests */ = {
			isa = PBXNativeTarget;
			buildConfigurationList = D57814651E5AB19700E187EF /* Build configuration list for PBXNativeTarget "miraclePillTests" */;
			buildPhases = (
				D578144A1E5AB19700E187EF /* Sources */,
				D578144B1E5AB19700E187EF /* Frameworks */,
				D578144C1E5AB19700E187EF /* Resources */,
			);
			buildRules = (
			);
			dependencies = (
				D57814501E5AB19700E187EF /* PBXTargetDependency */,
			);
			name = miraclePillTests;
			productName = miraclePillTests;
			productReference = D578144E1E5AB19700E187EF /* miraclePillTests.xctest */;
			productType = "com.apple.product-type.bundle.unit-test";
		};
		D57814581E5AB19700E187EF /* miraclePillUITests */ = {
			isa = PBXNativeTarget;
			buildConfigurationList = D57814681E5AB19700E187EF /* Build configuration list for PBXNativeTarget "miraclePillUITests" */;
			buildPhases = (
				D57814551E5AB19700E187EF /* Sources */,
				D57814561E5AB19700E187EF /* Frameworks */,
				D57814571E5AB19700E187EF /* Resources */,
			);
			buildRules = (
			);
			dependencies = (
				D578145B1E5AB19700E187EF /* PBXTargetDependency */,
			);
			name = miraclePillUITests;
			productName = miraclePillUITests;
			productReference = D57814591E5AB19700E187EF /* miraclePillUITests.xctest */;
			productType = "com.apple.product-type.bundle.ui-testing";
		};
/* End PBXNativeTarget section */

/* Begin PBXProject section */
		D57814321E5AB19700E187EF /* Project object */ = {
			isa = PBXProject;
			attributes = {
				LastSwiftUpdateCheck = 0820;
				LastUpgradeCheck = 0820;
				ORGANIZATIONNAME = "Brandyn Burgett";
				TargetAttributes = {
					D57814391E5AB19700E187EF = {
						CreatedOnToolsVersion = 8.2.1;
						ProvisioningStyle = Automatic;
					};
					D578144D1E5AB19700E187EF = {
						CreatedOnToolsVersion = 8.2.1;
						ProvisioningStyle = Automatic;
						TestTargetID = D57814391E5AB19700E187EF;
					};
					D57814581E5AB19700E187EF = {
						CreatedOnToolsVersion = 8.2.1;
						ProvisioningStyle = Automatic;
						TestTargetID = D57814391E5AB19700E187EF;
					};
				};
			};
			buildConfigurationList = D57814351E5AB19700E187EF /* Build configuration list for PBXProject "miraclePill" */;
			compatibilityVersion = "Xcode 3.2";
			developmentRegion = English;
			hasScannedForEncodings = 0;
			knownRegions = (
				en,
				Base,
			);
			mainGroup = D57814311E5AB19700E187EF;
			productRefGroup = D578143B1E5AB19700E187EF /* Products */;
			projectDirPath = "";
			projectRoot = "";
			targets = (
				D57814391E5AB19700E187EF /* miraclePill */,
				D578144D1E5AB19700E187EF /* miraclePillTests */,
				D57814581E5AB19700E187EF /* miraclePillUITests */,
			);
		};
/* End PBXProject section */

/* Begin PBXResourcesBuildPhase section */
		D57814381E5AB19700E187EF /* Resources */ = {
			isa = PBXResourcesBuildPhase;
			buildActionMask = 2147483647;
			files = (
				D57814481E5AB19700E187EF /* LaunchScreen.storyboard in Resources */,
				D57814451E5AB19700E187EF /* Assets.xcassets in Resources */,
				D57814431E5AB19700E187EF /* Main.storyboard in Resources */,
			);
			runOnlyForDeploymentPostprocessing = 0;
		};
		D578144C1E5AB19700E187EF /* Resources */ = {
			isa = PBXResourcesBuildPhase;
			buildActionMask = 2147483647;
			files = (
			);
			runOnlyForDeploymentPostprocessing = 0;
		};
		D57814571E5AB19700E187EF /* Resources */ = {
			isa = PBXResourcesBuildPhase;
			buildActionMask = 2147483647;
			files = (
			);
			runOnlyForDeploymentPostprocessing = 0;
		};
/* End PBXResourcesBuildPhase section */

/* Begin PBXSourcesBuildPhase section */
		D57814361E5AB19700E187EF /* Sources */ = {
			isa = PBXSourcesBuildPhase;
			buildActionMask = 2147483647;
			files = (
				D57814401E5AB19700E187EF /* ViewController.swift in Sources */,
				D578143E1E5AB19700E187EF /* AppDelegate.swift in Sources */,
			);
			runOnlyForDeploymentPostprocessing = 0;
		};
		D578144A1E5AB19700E187EF /* Sources */ = {
			isa = PBXSourcesBuildPhase;
			buildActionMask = 2147483647;
			files = (
				D57814531E5AB19700E187EF /* miraclePillTests.swift in Sources */,
			);
			runOnlyForDeploymentPostprocessing = 0;
		};
		D57814551E5AB19700E187EF /* Sources */ = {
			isa = PBXSourcesBuildPhase;
			buildActionMask = 2147483647;
			files = (
				D578145E1E5AB19700E187EF /* miraclePillUITests.swift in Sources */,
			);
			runOnlyForDeploymentPostprocessing = 0;
		};
/* End PBXSourcesBuildPhase section */

/* Begin PBXTargetDependency section */
		D57814501E5AB19700E187EF /* PBXTargetDependency */ = {
			isa = PBXTargetDependency;
			target = D57814391E5AB19700E187EF /* miraclePill */;
			targetProxy = D578144F1E5AB19700E187EF /* PBXContainerItemProxy */;
		};
		D578145B1E5AB19700E187EF /* PBXTargetDependency */ = {
			isa = PBXTargetDependency;
			target = D57814391E5AB19700E187EF /* miraclePill */;
			targetProxy = D578145A1E5AB19700E187EF /* PBXContainerItemProxy */;
		};
/* End PBXTargetDependency section */

/* Begin PBXVariantGroup section */
		D57814411E5AB19700E187EF /* Main.storyboard */ = {
			isa = PBXVariantGroup;
			children = (
				D57814421E5AB19700E187EF /* Base */,
			);
			name = Main.storyboard;
			sourceTree = "<group>";
		};
		D57814461E5AB19700E187EF /* LaunchScreen.storyboard */ = {
			isa = PBXVariantGroup;
			children = (
				D57814471E5AB19700E187EF /* Base */,
			);
			name = LaunchScreen.storyboard;
			sourceTree = "<group>";
		};
/* End PBXVariantGroup section */

/* Begin XCBuildConfiguration section */
		D57814601E5AB19700E187EF /* Debug */ = {
			isa = XCBuildConfiguration;
			buildSettings = {
				ALWAYS_SEARCH_USER_PATHS = NO;
				CLANG_ANALYZER_NONNULL = YES;
				CLANG_CXX_LANGUAGE_STANDARD = "gnu++0x";
				CLANG_CXX_LIBRARY = "libc++";
				CLANG_ENABLE_MODULES = YES;
				CLANG_ENABLE_OBJC_ARC = YES;
				CLANG_WARN_BOOL_CONVERSION = YES;
				CLANG_WARN_CONSTANT_CONVERSION = YES;
				CLANG_WARN_DIRECT_OBJC_ISA_USAGE = YES_ERROR;
				CLANG_WARN_DOCUMENTATION_COMMENTS = YES;
				CLANG_WARN_EMPTY_BODY = YES;
				CLANG_WARN_ENUM_CONVERSION = YES;
				CLANG_WARN_INFINITE_RECURSION = YES;
				CLANG_WARN_INT_CONVERSION = YES;
				CLANG_WARN_OBJC_ROOT_CLASS = YES_ERROR;
				CLANG_WARN_SUSPICIOUS_MOVE = YES;
				CLANG_WARN_UNREACHABLE_CODE = YES;
				CLANG_WARN__DUPLICATE_METHOD_MATCH = YES;
				"CODE_SIGN_IDENTITY[sdk=iphoneos*]" = "iPhone Developer";
				COPY_PHASE_STRIP = NO;
				DEBUG_INFORMATION_FORMAT = dwarf;
				ENABLE_STRICT_OBJC_MSGSEND = YES;
				ENABLE_TESTABILITY = YES;
				GCC_C_LANGUAGE_STANDARD = gnu99;
				GCC_DYNAMIC_NO_PIC = NO;
				GCC_NO_COMMON_BLOCKS = YES;
				GCC_OPTIMIZATION_LEVEL = 0;
				GCC_PREPROCESSOR_DEFINITIONS = (
					"DEBUG=1",
					"$(inherited)",
				);
				GCC_WARN_64_TO_32_BIT_CONVERSION = YES;
				GCC_WARN_ABOUT_RETURN_TYPE = YES_ERROR;
				GCC_WARN_UNDECLARED_SELECTOR = YES;
				GCC_WARN_UNINITIALIZED_AUTOS = YES_AGGRESSIVE;
				GCC_WARN_UNUSED_FUNCTION = YES;
				GCC_WARN_UNUSED_VARIABLE = YES;
				IPHONEOS_DEPLOYMENT_TARGET = 10.2;
				MTL_ENABLE_DEBUG_INFO = YES;
				ONLY_ACTIVE_ARCH = YES;
				SDKROOT = iphoneos;
				SWIFT_ACTIVE_COMPILATION_CONDITIONS = DEBUG;
				SWIFT_OPTIMIZATION_LEVEL = "-Onone";
				TARGETED_DEVICE_FAMILY = "1,2";
			};
			name = Debug;
		};
		D57814611E5AB19700E187EF /* Release */ = {
			isa = XCBuildConfiguration;
			buildSettings = {
				ALWAYS_SEARCH_USER_PATHS = NO;
				CLANG_ANALYZER_NONNULL = YES;
				CLANG_CXX_LANGUAGE_STANDARD = "gnu++0x";
				CLANG_CXX_LIBRARY = "libc++";
				CLANG_ENABLE_MODULES = YES;
				CLANG_ENABLE_OBJC_ARC = YES;
				CLANG_WARN_BOOL_CONVERSION = YES;
				CLANG_WARN_CONSTANT_CONVERSION = YES;
				CLANG_WARN_DIRECT_OBJC_ISA_USAGE = YES_ERROR;
				CLANG_WARN_DOCUMENTATION_COMMENTS = YES;
				CLANG_WARN_EMPTY_BODY = YES;
				CLANG_WARN_ENUM_CONVERSION = YES;
				CLANG_WARN_INFINITE_RECURSION = YES;
				CLANG_WARN_INT_CONVERSION = YES;
				CLANG_WARN_OBJC_ROOT_CLASS = YES_ERROR;
				CLANG_WARN_SUSPICIOUS_MOVE = YES;
				CLANG_WARN_UNREACHABLE_CODE = YES;
				CLANG_WARN__DUPLICATE_METHOD_MATCH = YES;
				"CODE_SIGN_IDENTITY[sdk=iphoneos*]" = "iPhone Developer";
				COPY_PHASE_STRIP = NO;
				DEBUG_INFORMATION_FORMAT = "dwarf-with-dsym";
				ENABLE_NS_ASSERTIONS = NO;
				ENABLE_STRICT_OBJC_MSGSEND = YES;
				GCC_C_LANGUAGE_STANDARD = gnu99;
				GCC_NO_COMMON_BLOCKS = YES;
				GCC_WARN_64_TO_32_BIT_CONVERSION = YES;
				GCC_WARN_ABOUT_RETURN_TYPE = YES_ERROR;
				GCC_WARN_UNDECLARED_SELECTOR = YES;
				GCC_WARN_UNINITIALIZED_AUTOS = YES_AGGRESSIVE;
				GCC_WARN_UNUSED_FUNCTION = YES;
				GCC_WARN_UNUSED_VARIABLE = YES;
				IPHONEOS_DEPLOYMENT_TARGET = 10.2;
				MTL_ENABLE_DEBUG_INFO = NO;
				SDKROOT = iphoneos;
				SWIFT_OPTIMIZATION_LEVEL = "-Owholemodule";
				TARGETED_DEVICE_FAMILY = "1,2";
				VALIDATE_PRODUCT = YES;
			};
			name = Release;
		};
		D57814631E5AB19700E187EF /* Debug */ = {
			isa = XCBuildConfiguration;
			buildSettings = {
				ASSETCATALOG_COMPILER_APPICON_NAME = AppIcon;
				INFOPLIST_FILE = miraclePill/Info.plist;
				LD_RUNPATH_SEARCH_PATHS = "$(inherited) @executable_path/Frameworks";
				PRODUCT_BUNDLE_IDENTIFIER = FlavorfulCode.miraclePill;
				PRODUCT_NAME = "$(TARGET_NAME)";
				SWIFT_VERSION = 3.0;
			};
			name = Debug;
		};
		D57814641E5AB19700E187EF /* Release */ = {
			isa = XCBuildConfiguration;
			buildSettings = {
				ASSETCATALOG_COMPILER_APPICON_NAME = AppIcon;
				INFOPLIST_FILE = miraclePill/Info.plist;
				LD_RUNPATH_SEARCH_PATHS = "$(inherited) @executable_path/Frameworks";
				PRODUCT_BUNDLE_IDENTIFIER = FlavorfulCode.miraclePill;
				PRODUCT_NAME = "$(TARGET_NAME)";
				SWIFT_VERSION = 3.0;
			};
			name = Release;
		};
		D57814661E5AB19700E187EF /* Debug */ = {
			isa = XCBuildConfiguration;
			buildSettings = {
				ALWAYS_EMBED_SWIFT_STANDARD_LIBRARIES = YES;
				BUNDLE_LOADER = "$(TEST_HOST)";
				INFOPLIST_FILE = miraclePillTests/Info.plist;
				LD_RUNPATH_SEARCH_PATHS = "$(inherited) @executable_path/Frameworks @loader_path/Frameworks";
				PRODUCT_BUNDLE_IDENTIFIER = FlavorfulCode.miraclePillTests;
				PRODUCT_NAME = "$(TARGET_NAME)";
				SWIFT_VERSION = 3.0;
				TEST_HOST = "$(BUILT_PRODUCTS_DIR)/miraclePill.app/miraclePill";
			};
			name = Debug;
		};
		D57814671E5AB19700E187EF /* Release */ = {
			isa = XCBuildConfiguration;
			buildSettings = {
				ALWAYS_EMBED_SWIFT_STANDARD_LIBRARIES = YES;
				BUNDLE_LOADER = "$(TEST_HOST)";
				INFOPLIST_FILE = miraclePillTests/Info.plist;
				LD_RUNPATH_SEARCH_PATHS = "$(inherited) @executable_path/Frameworks @loader_path/Frameworks";
				PRODUCT_BUNDLE_IDENTIFIER = FlavorfulCode.miraclePillTests;
				PRODUCT_NAME = "$(TARGET_NAME)";
				SWIFT_VERSION = 3.0;
				TEST_HOST = "$(BUILT_PRODUCTS_DIR)/miraclePill.app/miraclePill";
			};
			name = Release;
		};
		D57814691E5AB19700E187EF /* Debug */ = {
			isa = XCBuildConfiguration;
			buildSettings = {
				ALWAYS_EMBED_SWIFT_STANDARD_LIBRARIES = YES;
				INFOPLIST_FILE = miraclePillUITests/Info.plist;
				LD_RUNPATH_SEARCH_PATHS = "$(inherited) @executable_path/Frameworks @loader_path/Frameworks";
				PRODUCT_BUNDLE_IDENTIFIER = FlavorfulCode.miraclePillUITests;
				PRODUCT_NAME = "$(TARGET_NAME)";
				SWIFT_VERSION = 3.0;
				TEST_TARGET_NAME = miraclePill;
			};
			name = Debug;
		};
		D578146A1E5AB19700E187EF /* Release */ = {
			isa = XCBuildConfiguration;
			buildSettings = {
				ALWAYS_EMBED_SWIFT_STANDARD_LIBRARIES = YES;
				INFOPLIST_FILE = miraclePillUITests/Info.plist;
				LD_RUNPATH_SEARCH_PATHS = "$(inherited) @executable_path/Frameworks @loader_path/Frameworks";
				PRODUCT_BUNDLE_IDENTIFIER = FlavorfulCode.miraclePillUITests;
				PRODUCT_NAME = "$(TARGET_NAME)";
				SWIFT_VERSION = 3.0;
				TEST_TARGET_NAME = miraclePill;
			};
			name = Release;
		};
/* End XCBuildConfiguration section */

/* Begin XCConfigurationList section */
		D57814351E5AB19700E187EF /* Build configuration list for PBXProject "miraclePill" */ = {
			isa = XCConfigurationList;
			buildConfigurations = (
				D57814601E5AB19700E187EF /* Debug */,
				D57814611E5AB19700E187EF /* Release */,
			);
			defaultConfigurationIsVisible = 0;
			defaultConfigurationName = Release;
		};
		D57814621E5AB19700E187EF /* Build configuration list for PBXNativeTarget "miraclePill" */ = {
			isa = XCConfigurationList;
			buildConfigurations = (
				D57814631E5AB19700E187EF /* Debug */,
				D57814641E5AB19700E187EF /* Release */,
			);
			defaultConfigurationIsVisible = 0;
		};
		D57814651E5AB19700E187EF /* Build configuration list for PBXNativeTarget "miraclePillTests" */ = {
			isa = XCConfigurationList;
			buildConfigurations = (
				D57814661E5AB19700E187EF /* Debug */,
				D57814671E5AB19700E187EF /* Release */,
			);
			defaultConfigurationIsVisible = 0;
		};
		D57814681E5AB19700E187EF /* Build configuration list for PBXNativeTarget "miraclePillUITests" */ = {
			isa = XCConfigurationList;
			buildConfigurations = (
				D57814691E5AB19700E187EF /* Debug */,
				D578146A1E5AB19700E187EF /* Release */,
			);
			defaultConfigurationIsVisible = 0;
		};
/* End XCConfigurationList section */
	};
	rootObject = D57814321E5AB19700E187EF /* Project object */;
}
